// !$*UTF8*$!
{
	archiveVersion = 1;
	classes = {
	};
	objectVersion = 60;
	objects = {

/* Begin PBXBuildFile section */
		00C0D2730EF1BCEDE5AEA4D5 /* ProjectSnapshot.swift in Sources */ = {isa = PBXBuildFile; fileRef = B4689821B0F470578B4B3D49 /* ProjectSnapshot.swift */; };
		0A632EA6FA1BA7270E0FB1DC /* WidgetKit.framework in Frameworks */ = {isa = PBXBuildFile; fileRef = 06084193D21686D9E70979F9 /* WidgetKit.framework */; };
		18C5BC0493F1F054E713C307 /* MiitimeWidget.appex in Embed Foundation Extensions */ = {isa = PBXBuildFile; fileRef = 6E83F9EC6220DEE9D6784224 /* MiitimeWidget.appex */; settings = {ATTRIBUTES = (RemoveHeadersOnCopy, ); }; };
		19BA865A97461A79A3C208F3 /* AppleSignInPlugin.swift in Sources */ = {isa = PBXBuildFile; fileRef = E81449C5EB018B5084133B29 /* AppleSignInPlugin.swift */; };
		2676653D731DFE2246FA2663 /* FinishedProjectsWidget.swift in Sources */ = {isa = PBXBuildFile; fileRef = 4E870DA03150B20A0FECE53A /* FinishedProjectsWidget.swift */; };
		2B0FF6395DA04DD0B441A4D4 /* ProjectSnapshot.swift in Sources */ = {isa = PBXBuildFile; fileRef = B4689821B0F470578B4B3D49 /* ProjectSnapshot.swift */; };
		2E3AD37B39D74CC1C357AC7D /* WidgetSharedModels.swift in Sources */ = {isa = PBXBuildFile; fileRef = 216BFA9252A53011C86B772F /* WidgetSharedModels.swift */; };
		2FAD9763203C412B000D30F8 /* config.xml in Resources */ = {isa = PBXBuildFile; fileRef = 2FAD9762203C412B000D30F8 /* config.xml */; };
		3461E48831B734D984224E54 /* MiitimeWidget.swift in Sources */ = {isa = PBXBuildFile; fileRef = 6028CCA05267B8590A58C414 /* MiitimeWidget.swift */; };
		3F2D00EC7628E65614611AB5 /* GoogleSignIn in Frameworks */ = {isa = PBXBuildFile; productRef = 462C2B7DB2C403029341B71D /* GoogleSignIn */; };
		4D22ABE92AF431CB00220026 /* CapApp-SPM in Frameworks */ = {isa = PBXBuildFile; productRef = 4D22ABE82AF431CB00220026 /* CapApp-SPM */; };
		8AC5C335059800E770BC100E /* GoogleSignInPlugin.swift in Sources */ = {isa = PBXBuildFile; fileRef = B813233D82C2E8D589FA8FAA /* GoogleSignInPlugin.swift */; };
		7C1E4A904718F53A83141628 /* CalendarPlugin.swift in Sources */ = {isa = PBXBuildFile; fileRef = 9A1AF7DC25A2BBC4CE1F19E3 /* CalendarPlugin.swift */; };
		50379B232058CBB4000EE86E /* capacitor.config.json in Resources */ = {isa = PBXBuildFile; fileRef = 50379B222058CBB4000EE86E /* capacitor.config.json */; };
		504EC3081FED79650016851F /* AppDelegate.swift in Sources */ = {isa = PBXBuildFile; fileRef = 504EC3071FED79650016851F /* AppDelegate.swift */; };
		504EC30D1FED79650016851F /* Main.storyboard in Resources */ = {isa = PBXBuildFile; fileRef = 504EC30B1FED79650016851F /* Main.storyboard */; };
		504EC30F1FED79650016851F /* Assets.xcassets in Resources */ = {isa = PBXBuildFile; fileRef = 504EC30E1FED79650016851F /* Assets.xcassets */; };
		504EC3121FED79650016851F /* LaunchScreen.storyboard in Resources */ = {isa = PBXBuildFile; fileRef = 504EC3101FED79650016851F /* LaunchScreen.storyboard */; };
		50B271D11FEDC1A000F3C39B /* public in Resources */ = {isa = PBXBuildFile; fileRef = 50B271D01FEDC1A000F3C39B /* public */; };
		5C7703C2F7EE587198B73156 /* BackgroundRemovalPlugin.swift in Sources */ = {isa = PBXBuildFile; fileRef = 5C9211973B9C1D35340AE4C2 /* BackgroundRemovalPlugin.swift */; };
		841892547F67575672FE03EC /* Localizable.strings in Resources */ = {isa = PBXBuildFile; fileRef = E036C8CBBC2496DD7420F2E1 /* Localizable.strings */; };
		9C4D78B7ECF17D6A37857942 /* Foundation.framework in Frameworks */ = {isa = PBXBuildFile; fileRef = 5F17AE8C9F8CC5DF4AB49A21 /* Foundation.framework */; };
		9D160108B37B714D9E77CAA1 /* MiitimeBrandColors.swift in Sources */ = {isa = PBXBuildFile; fileRef = 729261FA5720158EE71C6ABA /* MiitimeBrandColors.swift */; };
		9D79582572419F0AA776E59B /* SwiftUI.framework in Frameworks */ = {isa = PBXBuildFile; fileRef = EC1CCD30D91E4D85A494A75C /* SwiftUI.framework */; };
		BEE73E0235145151351A7E92 /* MiitimeWidgetBundle.swift in Sources */ = {isa = PBXBuildFile; fileRef = 5F1879060753634786CCCC5C /* MiitimeWidgetBundle.swift */; };
		C387BDAF1781935E333387AB /* WidgetLocalization.swift in Sources */ = {isa = PBXBuildFile; fileRef = B9FFD02F52FED1FAB1216616 /* WidgetLocalization.swift */; };
		C4BDCF8354B4F605F0D599AD /* WidgetSyncPlugin.swift in Sources */ = {isa = PBXBuildFile; fileRef = 509A12BA3DFD91852DB11EED /* WidgetSyncPlugin.swift */; };
		C80F19B19640E84364C5180B /* WidgetSharedModels.swift in Sources */ = {isa = PBXBuildFile; fileRef = 216BFA9252A53011C86B772F /* WidgetSharedModels.swift */; };
		E0E58BAC0B9D28CE2F3D380F /* Assets.xcassets in Resources */ = {isa = PBXBuildFile; fileRef = 74FAECCEEF3A50DEFDE88C53 /* Assets.xcassets */; };
		ECB8FFD6AD6DD75E52B73747 /* NativeSplashViewController.swift in Sources */ = {isa = PBXBuildFile; fileRef = 432C5013DA38A3E11D80B9F1 /* NativeSplashViewController.swift */; };
/* End PBXBuildFile section */

/* Begin PBXContainerItemProxy section */
		8D3A9179820C1D85FF71652C /* PBXContainerItemProxy */ = {
			isa = PBXContainerItemProxy;
			containerPortal = 504EC2FC1FED79650016851F /* Project object */;
			proxyType = 1;
			remoteGlobalIDString = EC8E123B343BCFD037303CCE;
			remoteInfo = MiitimeWidget;
		};
/* End PBXContainerItemProxy section */

/* Begin PBXCopyFilesBuildPhase section */
		2C00295D380C5230C7ABFC84 /* Embed Foundation Extensions */ = {
			isa = PBXCopyFilesBuildPhase;
			buildActionMask = 2147483647;
			dstPath = "";
			dstSubfolderSpec = 13;
			files = (
				18C5BC0493F1F054E713C307 /* MiitimeWidget.appex in Embed Foundation Extensions */,
			);
			name = "Embed Foundation Extensions";
			runOnlyForDeploymentPostprocessing = 0;
		};
/* End PBXCopyFilesBuildPhase section */

/* Begin PBXFileReference section */
		06084193D21686D9E70979F9 /* WidgetKit.framework */ = {isa = PBXFileReference; lastKnownFileType = wrapper.framework; name = WidgetKit.framework; path = System/Library/Frameworks/WidgetKit.framework; sourceTree = SDKROOT; };
		0D279258C573D1D1BCCAFB8C /* ko */ = {isa = PBXFileReference; includeInIndex = 1; lastKnownFileType = text.plist.strings; name = ko; path = ko.lproj/Localizable.strings; sourceTree = "<group>"; };
		216BFA9252A53011C86B772F /* WidgetSharedModels.swift */ = {isa = PBXFileReference; includeInIndex = 1; lastKnownFileType = sourcecode.swift; path = WidgetSharedModels.swift; sourceTree = "<group>"; };
		2FAD9762203C412B000D30F8 /* config.xml */ = {isa = PBXFileReference; lastKnownFileType = text.xml; path = config.xml; sourceTree = "<group>"; };
		33EEC9A9882F6736B4796589 /* en */ = {isa = PBXFileReference; includeInIndex = 1; lastKnownFileType = text.plist.strings; name = en; path = en.lproj/Localizable.strings; sourceTree = "<group>"; };
		417CBEEE9AD640339DA24B01 /* es */ = {isa = PBXFileReference; includeInIndex = 1; lastKnownFileType = text.plist.strings; name = es; path = es.lproj/Localizable.strings; sourceTree = "<group>"; };
		432C5013DA38A3E11D80B9F1 /* NativeSplashViewController.swift */ = {isa = PBXFileReference; lastKnownFileType = sourcecode.swift; path = NativeSplashViewController.swift; sourceTree = "<group>"; };
		4E870DA03150B20A0FECE53A /* FinishedProjectsWidget.swift */ = {isa = PBXFileReference; includeInIndex = 1; lastKnownFileType = sourcecode.swift; path = FinishedProjectsWidget.swift; sourceTree = "<group>"; };
		50379B222058CBB4000EE86E /* capacitor.config.json */ = {isa = PBXFileReference; fileEncoding = 4; lastKnownFileType = text.json; path = capacitor.config.json; sourceTree = "<group>"; };
		504EC3041FED79650016851F /* miiitime.app */ = {isa = PBXFileReference; explicitFileType = wrapper.application; includeInIndex = 0; path = miiitime.app; sourceTree = BUILT_PRODUCTS_DIR; };
		504EC3071FED79650016851F /* AppDelegate.swift */ = {isa = PBXFileReference; lastKnownFileType = sourcecode.swift; path = AppDelegate.swift; sourceTree = "<group>"; };
		504EC30C1FED79650016851F /* Base */ = {isa = PBXFileReference; lastKnownFileType = file.storyboard; name = Base; path = Base.lproj/Main.storyboard; sourceTree = "<group>"; };
		504EC30E1FED79650016851F /* Assets.xcassets */ = {isa = PBXFileReference; lastKnownFileType = folder.assetcatalog; path = Assets.xcassets; sourceTree = "<group>"; };
		504EC3111FED79650016851F /* Base */ = {isa = PBXFileReference; lastKnownFileType = file.storyboard; name = Base; path = Base.lproj/LaunchScreen.storyboard; sourceTree = "<group>"; };
		504EC3131FED79650016851F /* Info.plist */ = {isa = PBXFileReference; lastKnownFileType = text.plist.xml; path = Info.plist; sourceTree = "<group>"; };
		509A12BA3DFD91852DB11EED /* WidgetSyncPlugin.swift */ = {isa = PBXFileReference; includeInIndex = 1; lastKnownFileType = sourcecode.swift; path = WidgetSyncPlugin.swift; sourceTree = "<group>"; };
		50B271D01FEDC1A000F3C39B /* public */ = {isa = PBXFileReference; lastKnownFileType = folder; path = public; sourceTree = "<group>"; };
		53C9A0813024F0EB00F0B920 /* AppDebug.entitlements */ = {isa = PBXFileReference; lastKnownFileType = text.plist.entitlements; path = AppDebug.entitlements; sourceTree = "<group>"; };
		53D37E09A6C6B699C251CCCF /* de */ = {isa = PBXFileReference; includeInIndex = 1; lastKnownFileType = text.plist.strings; name = de; path = de.lproj/Localizable.strings; sourceTree = "<group>"; };
		57FF5C3260AD10B286C51EBB /* th */ = {isa = PBXFileReference; includeInIndex = 1; lastKnownFileType = text.plist.strings; name = th; path = th.lproj/Localizable.strings; sourceTree = "<group>"; };
		59784DECB1B8440F8928C40A /* GoogleAuthRelease.xcconfig */ = {isa = PBXFileReference; lastKnownFileType = text.xcconfig; path = GoogleAuthRelease.xcconfig; sourceTree = SOURCE_ROOT; };
		5C9211973B9C1D35340AE4C2 /* BackgroundRemovalPlugin.swift */ = {isa = PBXFileReference; lastKnownFileType = sourcecode.swift; path = BackgroundRemovalPlugin.swift; sourceTree = "<group>"; };
		5E3379D662808F09ACD7ADE5 /* hi */ = {isa = PBXFileReference; includeInIndex = 1; lastKnownFileType = text.plist.strings; name = hi; path = hi.lproj/Localizable.strings; sourceTree = "<group>"; };
		5F17AE8C9F8CC5DF4AB49A21 /* Foundation.framework */ = {isa = PBXFileReference; lastKnownFileType = wrapper.framework; name = Foundation.framework; path = Platforms/iPhoneOS.platform/Developer/SDKs/iPhoneOS26.0.sdk/System/Library/Frameworks/Foundation.framework; sourceTree = DEVELOPER_DIR; };
		5F1879060753634786CCCC5C /* MiitimeWidgetBundle.swift */ = {isa = PBXFileReference; includeInIndex = 1; lastKnownFileType = sourcecode.swift; path = MiitimeWidgetBundle.swift; sourceTree = "<group>"; };
		6028CCA05267B8590A58C414 /* MiitimeWidget.swift */ = {isa = PBXFileReference; includeInIndex = 1; lastKnownFileType = sourcecode.swift; path = MiitimeWidget.swift; sourceTree = "<group>"; };
		6E83F9EC6220DEE9D6784224 /* MiitimeWidget.appex */ = {isa = PBXFileReference; explicitFileType = "wrapper.app-extension"; includeInIndex = 0; path = MiitimeWidget.appex; sourceTree = BUILT_PRODUCTS_DIR; };
		729261FA5720158EE71C6ABA /* MiitimeBrandColors.swift */ = {isa = PBXFileReference; includeInIndex = 1; lastKnownFileType = sourcecode.swift; path = MiitimeBrandColors.swift; sourceTree = "<group>"; };
		74FAECCEEF3A50DEFDE88C53 /* Assets.xcassets */ = {isa = PBXFileReference; includeInIndex = 1; lastKnownFileType = folder.assetcatalog; path = Assets.xcassets; sourceTree = "<group>"; };
		7BCE8C67D136E3B9723080A7 /* zh-Hans */ = {isa = PBXFileReference; includeInIndex = 1; lastKnownFileType = text.plist.strings; name = "zh-Hans"; path = "zh-Hans.lproj/Localizable.strings"; sourceTree = "<group>"; };
		958DCC722DB07C7200EA8C5F /* debug.xcconfig */ = {isa = PBXFileReference; lastKnownFileType = text.xcconfig; name = debug.xcconfig; path = ../debug.xcconfig; sourceTree = SOURCE_ROOT; };
		99A9B60A8D483002268E056B /* fr */ = {isa = PBXFileReference; includeInIndex = 1; lastKnownFileType = text.plist.strings; name = fr; path = fr.lproj/Localizable.strings; sourceTree = "<group>"; };
		B4689821B0F470578B4B3D49 /* ProjectSnapshot.swift */ = {isa = PBXFileReference; includeInIndex = 1; lastKnownFileType = sourcecode.swift; path = ProjectSnapshot.swift; sourceTree = "<group>"; };
		B813233D82C2E8D589FA8FAA /* GoogleSignInPlugin.swift */ = {isa = PBXFileReference; lastKnownFileType = sourcecode.swift; path = GoogleSignInPlugin.swift; sourceTree = "<group>"; };
		9A1AF7DC25A2BBC4CE1F19E3 /* CalendarPlugin.swift */ = {isa = PBXFileReference; lastKnownFileType = sourcecode.swift; path = CalendarPlugin.swift; sourceTree = "<group>"; };
		B9FFD02F52FED1FAB1216616 /* WidgetLocalization.swift */ = {isa = PBXFileReference; includeInIndex = 1; lastKnownFileType = sourcecode.swift; path = WidgetLocalization.swift; sourceTree = "<group>"; };
		BB1377E466DB8E7A295BF7CE /* Info.plist */ = {isa = PBXFileReference; includeInIndex = 1; lastKnownFileType = text.plist.xml; path = Info.plist; sourceTree = "<group>"; };
		C705476B9CB8E45433A29E0C /* MiitimeWidget.entitlements */ = {isa = PBXFileReference; includeInIndex = 1; lastKnownFileType = text.plist.entitlements; path = MiitimeWidget.entitlements; sourceTree = "<group>"; };
		E81449C5EB018B5084133B29 /* AppleSignInPlugin.swift */ = {isa = PBXFileReference; lastKnownFileType = sourcecode.swift; path = AppleSignInPlugin.swift; sourceTree = "<group>"; };
		EC1CCD30D91E4D85A494A75C /* SwiftUI.framework */ = {isa = PBXFileReference; lastKnownFileType = wrapper.framework; name = SwiftUI.framework; path = System/Library/Frameworks/SwiftUI.framework; sourceTree = SDKROOT; };
		EE29C45E1BDFBDEAEF62A5F5 /* pt */ = {isa = PBXFileReference; includeInIndex = 1; lastKnownFileType = text.plist.strings; name = pt; path = pt.lproj/Localizable.strings; sourceTree = "<group>"; };
		EEF015B3DF16C52B2CB1CE90 /* zh-Hant */ = {isa = PBXFileReference; includeInIndex = 1; lastKnownFileType = text.plist.strings; name = "zh-Hant"; path = "zh-Hant.lproj/Localizable.strings"; sourceTree = "<group>"; };
		FFEA5684E6379C24DADDC0D8 /* ja */ = {isa = PBXFileReference; includeInIndex = 1; lastKnownFileType = text.plist.strings; name = ja; path = ja.lproj/Localizable.strings; sourceTree = "<group>"; };
/* End PBXFileReference section */

/* Begin PBXFrameworksBuildPhase section */
		504EC3011FED79650016851F /* Frameworks */ = {
			isa = PBXFrameworksBuildPhase;
			buildActionMask = 2147483647;
			files = (
				4D22ABE92AF431CB00220026 /* CapApp-SPM in Frameworks */,
				3F2D00EC7628E65614611AB5 /* GoogleSignIn in Frameworks */,
			);
			runOnlyForDeploymentPostprocessing = 0;
		};
		752DDE605230DEE2B0AD6AC7 /* Frameworks */ = {
			isa = PBXFrameworksBuildPhase;
			buildActionMask = 2147483647;
			files = (
				9C4D78B7ECF17D6A37857942 /* Foundation.framework in Frameworks */,
				0A632EA6FA1BA7270E0FB1DC /* WidgetKit.framework in Frameworks */,
				9D79582572419F0AA776E59B /* SwiftUI.framework in Frameworks */,
			);
			runOnlyForDeploymentPostprocessing = 0;
		};
/* End PBXFrameworksBuildPhase section */

/* Begin PBXGroup section */
		0F9BFDE2E2953A404EC95D30 /* MiitimeWidget */ = {
			isa = PBXGroup;
			children = (
				B4689821B0F470578B4B3D49 /* ProjectSnapshot.swift */,
				6028CCA05267B8590A58C414 /* MiitimeWidget.swift */,
				5F1879060753634786CCCC5C /* MiitimeWidgetBundle.swift */,
				BB1377E466DB8E7A295BF7CE /* Info.plist */,
				C705476B9CB8E45433A29E0C /* MiitimeWidget.entitlements */,
				4E870DA03150B20A0FECE53A /* FinishedProjectsWidget.swift */,
				729261FA5720158EE71C6ABA /* MiitimeBrandColors.swift */,
				74FAECCEEF3A50DEFDE88C53 /* Assets.xcassets */,
				B9FFD02F52FED1FAB1216616 /* WidgetLocalization.swift */,
				E036C8CBBC2496DD7420F2E1 /* Localizable.strings */,
			);
			path = MiitimeWidget;
			sourceTree = "<group>";
		};
		2CAE2CB374A9C6180DE566FC /* Frameworks */ = {
			isa = PBXGroup;
			children = (
				4EEE2D207080612C84BF9371 /* iOS */,
				06084193D21686D9E70979F9 /* WidgetKit.framework */,
				EC1CCD30D91E4D85A494A75C /* SwiftUI.framework */,
			);
			name = Frameworks;
			sourceTree = "<group>";
		};
		4EEE2D207080612C84BF9371 /* iOS */ = {
			isa = PBXGroup;
			children = (
				5F17AE8C9F8CC5DF4AB49A21 /* Foundation.framework */,
			);
			name = iOS;
			sourceTree = "<group>";
		};
		504EC2FB1FED79650016851F = {
			isa = PBXGroup;
			children = (
				958DCC722DB07C7200EA8C5F /* debug.xcconfig */,
				59784DECB1B8440F8928C40A /* GoogleAuthRelease.xcconfig */,
				504EC3061FED79650016851F /* App */,
				504EC3051FED79650016851F /* Products */,
				0F9BFDE2E2953A404EC95D30 /* MiitimeWidget */,
				2CAE2CB374A9C6180DE566FC /* Frameworks */,
				67546FC84D02B8B3B41BFE50 /* Shared */,
			);
			sourceTree = "<group>";
		};
		504EC3051FED79650016851F /* Products */ = {
			isa = PBXGroup;
			children = (
				504EC3041FED79650016851F /* miiitime.app */,
				6E83F9EC6220DEE9D6784224 /* MiitimeWidget.appex */,
			);
			name = Products;
			sourceTree = "<group>";
		};
		504EC3061FED79650016851F /* App */ = {
			isa = PBXGroup;
			children = (
				53C9A0813024F0EB00F0B920 /* AppDebug.entitlements */,
				50379B222058CBB4000EE86E /* capacitor.config.json */,
				504EC3071FED79650016851F /* AppDelegate.swift */,
				432C5013DA38A3E11D80B9F1 /* NativeSplashViewController.swift */,
				5C9211973B9C1D35340AE4C2 /* BackgroundRemovalPlugin.swift */,
				E81449C5EB018B5084133B29 /* AppleSignInPlugin.swift */,
				B813233D82C2E8D589FA8FAA /* GoogleSignInPlugin.swift */,
				9A1AF7DC25A2BBC4CE1F19E3 /* CalendarPlugin.swift */,
				504EC30B1FED79650016851F /* Main.storyboard */,
				504EC30E1FED79650016851F /* Assets.xcassets */,
				504EC3101FED79650016851F /* LaunchScreen.storyboard */,
				504EC3131FED79650016851F /* Info.plist */,
				2FAD9762203C412B000D30F8 /* config.xml */,
				50B271D01FEDC1A000F3C39B /* public */,
				509A12BA3DFD91852DB11EED /* WidgetSyncPlugin.swift */,
			);
			path = App;
			sourceTree = "<group>";
		};
		67546FC84D02B8B3B41BFE50 /* Shared */ = {
			isa = PBXGroup;
			children = (
				216BFA9252A53011C86B772F /* WidgetSharedModels.swift */,
			);
			path = Shared;
			sourceTree = "<group>";
		};
/* End PBXGroup section */

/* Begin PBXNativeTarget section */
		504EC3031FED79650016851F /* App */ = {
			isa = PBXNativeTarget;
			buildConfigurationList = 504EC3161FED79650016851F /* Build configuration list for PBXNativeTarget "App" */;
			buildPhases = (
				504EC3001FED79650016851F /* Sources */,
				504EC3011FED79650016851F /* Frameworks */,
				504EC3021FED79650016851F /* Resources */,
				2C00295D380C5230C7ABFC84 /* Embed Foundation Extensions */,
			);
			buildRules = (
			);
			dependencies = (
				91654EC3CED21FD85A7CD44F /* PBXTargetDependency */,
			);
			name = App;
			packageProductDependencies = (
				4D22ABE82AF431CB00220026 /* CapApp-SPM */,
				462C2B7DB2C403029341B71D /* GoogleSignIn */,
			);
			productName = App;
			productReference = 504EC3041FED79650016851F /* miiitime.app */;
			productType = "com.apple.product-type.application";
		};
		EC8E123B343BCFD037303CCE /* MiitimeWidget */ = {
			isa = PBXNativeTarget;
			buildConfigurationList = 279B6108F0A0A6040C56B295 /* Build configuration list for PBXNativeTarget "MiitimeWidget" */;
			buildPhases = (
				CECB02B5A364AC232CD8E16D /* Sources */,
				752DDE605230DEE2B0AD6AC7 /* Frameworks */,
				345F79FF3972D9401A08423D /* Resources */,
			);
			buildRules = (
			);
			dependencies = (
			);
			name = MiitimeWidget;
			productName = MiitimeWidget;
			productReference = 6E83F9EC6220DEE9D6784224 /* MiitimeWidget.appex */;
			productType = "com.apple.product-type.app-extension";
		};
/* End PBXNativeTarget section */

/* Begin PBXProject section */
		504EC2FC1FED79650016851F /* Project object */ = {
			isa = PBXProject;
			attributes = {
				BuildIndependentTargetsInParallel = YES;
				LastSwiftUpdateCheck = 0920;
				LastUpgradeCheck = 2660;
				TargetAttributes = {
					504EC3031FED79650016851F = {
						CreatedOnToolsVersion = 9.2;
						LastSwiftMigration = 1100;
						SystemCapabilities = {
							com.apple.ApplicationGroups.iOS = {
								enabled = 1;
							};
						};
					};
					EC8E123B343BCFD037303CCE = {
						SystemCapabilities = {
							com.apple.ApplicationGroups.iOS = {
								enabled = 1;
							};
						};
					};
				};
			};
			buildConfigurationList = 504EC2FF1FED79650016851F /* Build configuration list for PBXProject "App" */;
			compatibilityVersion = "Xcode 8.0";
			developmentRegion = en;
			hasScannedForEncodings = 0;
			knownRegions = (
				en,
				Base,
				fr,
				ja,
				"zh-Hant",
				"zh-Hans",
				ko,
				es,
				de,
				th,
				pt,
				hi,
			);
			mainGroup = 504EC2FB1FED79650016851F;
			packageReferences = (
				D4C12C0A2AAA248700AAC8A2 /* XCLocalSwiftPackageReference "CapApp-SPM" */,
				5394F28B3013EFC3000D2011 /* XCRemoteSwiftPackageReference "swift-algorithms" */,
				653F65430FA2B854ECF083BF /* XCRemoteSwiftPackageReference "GoogleSignIn-iOS" */,
			);
			productRefGroup = 504EC3051FED79650016851F /* Products */;
			projectDirPath = "";
			projectRoot = "";
			targets = (
				504EC3031FED79650016851F /* App */,
				EC8E123B343BCFD037303CCE /* MiitimeWidget */,
			);
		};
/* End PBXProject section */

/* Begin PBXResourcesBuildPhase section */
		345F79FF3972D9401A08423D /* Resources */ = {
			isa = PBXResourcesBuildPhase;
			buildActionMask = 2147483647;
			files = (
				E0E58BAC0B9D28CE2F3D380F /* Assets.xcassets in Resources */,
				841892547F67575672FE03EC /* Localizable.strings in Resources */,
			);
			runOnlyForDeploymentPostprocessing = 0;
		};
		504EC3021FED79650016851F /* Resources */ = {
			isa = PBXResourcesBuildPhase;
			buildActionMask = 2147483647;
			files = (
				504EC3121FED79650016851F /* LaunchScreen.storyboard in Resources */,
				50B271D11FEDC1A000F3C39B /* public in Resources */,
				504EC30F1FED79650016851F /* Assets.xcassets in Resources */,
				50379B232058CBB4000EE86E /* capacitor.config.json in Resources */,
				504EC30D1FED79650016851F /* Main.storyboard in Resources */,
				2FAD9763203C412B000D30F8 /* config.xml in Resources */,
			);
			runOnlyForDeploymentPostprocessing = 0;
		};
/* End PBXResourcesBuildPhase section */

/* Begin PBXSourcesBuildPhase section */
		504EC3001FED79650016851F /* Sources */ = {
			isa = PBXSourcesBuildPhase;
			buildActionMask = 2147483647;
			files = (
				504EC3081FED79650016851F /* AppDelegate.swift in Sources */,
				ECB8FFD6AD6DD75E52B73747 /* NativeSplashViewController.swift in Sources */,
				5C7703C2F7EE587198B73156 /* BackgroundRemovalPlugin.swift in Sources */,
				19BA865A97461A79A3C208F3 /* AppleSignInPlugin.swift in Sources */,
				8AC5C335059800E770BC100E /* GoogleSignInPlugin.swift in Sources */,
				7C1E4A904718F53A83141628 /* CalendarPlugin.swift in Sources */,
				2E3AD37B39D74CC1C357AC7D /* WidgetSharedModels.swift in Sources */,
				C4BDCF8354B4F605F0D599AD /* WidgetSyncPlugin.swift in Sources */,
				00C0D2730EF1BCEDE5AEA4D5 /* ProjectSnapshot.swift in Sources */,
			);
			runOnlyForDeploymentPostprocessing = 0;
		};
		CECB02B5A364AC232CD8E16D /* Sources */ = {
			isa = PBXSourcesBuildPhase;
			buildActionMask = 2147483647;
			files = (
				2B0FF6395DA04DD0B441A4D4 /* ProjectSnapshot.swift in Sources */,
				3461E48831B734D984224E54 /* MiitimeWidget.swift in Sources */,
				BEE73E0235145151351A7E92 /* MiitimeWidgetBundle.swift in Sources */,
				2676653D731DFE2246FA2663 /* FinishedProjectsWidget.swift in Sources */,
				9D160108B37B714D9E77CAA1 /* MiitimeBrandColors.swift in Sources */,
				C80F19B19640E84364C5180B /* WidgetSharedModels.swift in Sources */,
				C387BDAF1781935E333387AB /* WidgetLocalization.swift in Sources */,
			);
			runOnlyForDeploymentPostprocessing = 0;
		};
/* End PBXSourcesBuildPhase section */

/* Begin PBXTargetDependency section */
		91654EC3CED21FD85A7CD44F /* PBXTargetDependency */ = {
			isa = PBXTargetDependency;
			name = MiitimeWidget;
			target = EC8E123B343BCFD037303CCE /* MiitimeWidget */;
			targetProxy = 8D3A9179820C1D85FF71652C /* PBXContainerItemProxy */;
		};
/* End PBXTargetDependency section */

/* Begin PBXVariantGroup section */
		504EC30B1FED79650016851F /* Main.storyboard */ = {
			isa = PBXVariantGroup;
			children = (
				504EC30C1FED79650016851F /* Base */,
			);
			name = Main.storyboard;
			sourceTree = "<group>";
		};
		504EC3101FED79650016851F /* LaunchScreen.storyboard */ = {
			isa = PBXVariantGroup;
			children = (
				504EC3111FED79650016851F /* Base */,
			);
			name = LaunchScreen.storyboard;
			sourceTree = "<group>";
		};
		E036C8CBBC2496DD7420F2E1 /* Localizable.strings */ = {
			isa = PBXVariantGroup;
			children = (
				33EEC9A9882F6736B4796589 /* en */,
				99A9B60A8D483002268E056B /* fr */,
				FFEA5684E6379C24DADDC0D8 /* ja */,
				EEF015B3DF16C52B2CB1CE90 /* zh-Hant */,
				7BCE8C67D136E3B9723080A7 /* zh-Hans */,
				0D279258C573D1D1BCCAFB8C /* ko */,
				417CBEEE9AD640339DA24B01 /* es */,
				53D37E09A6C6B699C251CCCF /* de */,
				57FF5C3260AD10B286C51EBB /* th */,
				EE29C45E1BDFBDEAEF62A5F5 /* pt */,
				5E3379D662808F09ACD7ADE5 /* hi */,
			);
			name = Localizable.strings;
			sourceTree = "<group>";
		};
/* End PBXVariantGroup section */

/* Begin XCBuildConfiguration section */
		504EC3141FED79650016851F /* Debug */ = {
			isa = XCBuildConfiguration;
			baseConfigurationReference = 958DCC722DB07C7200EA8C5F /* debug.xcconfig */;
			buildSettings = {
				ALWAYS_SEARCH_USER_PATHS = NO;
				ASSETCATALOG_COMPILER_GENERATE_SWIFT_ASSET_SYMBOL_EXTENSIONS = YES;
				CLANG_ANALYZER_NONNULL = YES;
				CLANG_ANALYZER_NUMBER_OBJECT_CONVERSION = YES_AGGRESSIVE;
				CLANG_CXX_LANGUAGE_STANDARD = "gnu++14";
				CLANG_CXX_LIBRARY = "libc++";
				CLANG_ENABLE_MODULES = YES;
				CLANG_ENABLE_OBJC_ARC = YES;
				CLANG_WARN_BLOCK_CAPTURE_AUTORELEASING = YES;
				CLANG_WARN_BOOL_CONVERSION = YES;
				CLANG_WARN_COMMA = YES;
				CLANG_WARN_CONSTANT_CONVERSION = YES;
				CLANG_WARN_DEPRECATED_OBJC_IMPLEMENTATIONS = YES;
				CLANG_WARN_DIRECT_OBJC_ISA_USAGE = YES_ERROR;
				CLANG_WARN_DOCUMENTATION_COMMENTS = YES;
				CLANG_WARN_EMPTY_BODY = YES;
				CLANG_WARN_ENUM_CONVERSION = YES;
				CLANG_WARN_INFINITE_RECURSION = YES;
				CLANG_WARN_INT_CONVERSION = YES;
				CLANG_WARN_NON_LITERAL_NULL_CONVERSION = YES;
				CLANG_WARN_OBJC_IMPLICIT_RETAIN_SELF = YES;
				CLANG_WARN_OBJC_LITERAL_CONVERSION = YES;
				CLANG_WARN_OBJC_ROOT_CLASS = YES_ERROR;
				CLANG_WARN_QUOTED_INCLUDE_IN_FRAMEWORK_HEADER = YES;
				CLANG_WARN_RANGE_LOOP_ANALYSIS = YES;
				CLANG_WARN_STRICT_PROTOTYPES = YES;
				CLANG_WARN_SUSPICIOUS_MOVE = YES;
				CLANG_WARN_UNGUARDED_AVAILABILITY = YES_AGGRESSIVE;
				CLANG_WARN_UNREACHABLE_CODE = YES;
				CLANG_WARN__DUPLICATE_METHOD_MATCH = YES;
				CODE_SIGN_IDENTITY = "iPhone Developer";
				COPY_PHASE_STRIP = NO;
				DEBUG_INFORMATION_FORMAT = dwarf;
				DEVELOPMENT_TEAM = GNJWSMK424;
				ENABLE_STRICT_OBJC_MSGSEND = YES;
				ENABLE_TESTABILITY = YES;
				ENABLE_USER_SCRIPT_SANDBOXING = YES;
				GCC_C_LANGUAGE_STANDARD = gnu11;
				GCC_DYNAMIC_NO_PIC = NO;
				GCC_NO_COMMON_BLOCKS = YES;
				GCC_OPTIMIZATION_LEVEL = 0;
				GCC_PREPROCESSOR_DEFINITIONS = (
					"DEBUG=1",
					"$(inherited)",
				);
				GCC_WARN_64_TO_32_BIT_CONVERSION = YES;
				GCC_WARN_ABOUT_RETURN_TYPE = YES_ERROR;
				GCC_WARN_UNDECLARED_SELECTOR = YES;
				GCC_WARN_UNINITIALIZED_AUTOS = YES_AGGRESSIVE;
				GCC_WARN_UNUSED_FUNCTION = YES;
				GCC_WARN_UNUSED_VARIABLE = YES;
				IPHONEOS_DEPLOYMENT_TARGET = 17.6;
				MTL_ENABLE_DEBUG_INFO = YES;
				ONLY_ACTIVE_ARCH = YES;
				SDKROOT = iphoneos;
				STRING_CATALOG_GENERATE_SYMBOLS = YES;
				SWIFT_ACTIVE_COMPILATION_CONDITIONS = DEBUG;
				SWIFT_OPTIMIZATION_LEVEL = "-Onone";
			};
			name = Debug;
		};
		504EC3151FED79650016851F /* Release */ = {
			isa = XCBuildConfiguration;
			buildSettings = {
				ALWAYS_SEARCH_USER_PATHS = NO;
				ASSETCATALOG_COMPILER_GENERATE_SWIFT_ASSET_SYMBOL_EXTENSIONS = YES;
				CLANG_ANALYZER_NONNULL = YES;
				CLANG_ANALYZER_NUMBER_OBJECT_CONVERSION = YES_AGGRESSIVE;
				CLANG_CXX_LANGUAGE_STANDARD = "gnu++14";
				CLANG_CXX_LIBRARY = "libc++";
				CLANG_ENABLE_MODULES = YES;
				CLANG_ENABLE_OBJC_ARC = YES;
				CLANG_WARN_BLOCK_CAPTURE_AUTORELEASING = YES;
				CLANG_WARN_BOOL_CONVERSION = YES;
				CLANG_WARN_COMMA = YES;
				CLANG_WARN_CONSTANT_CONVERSION = YES;
				CLANG_WARN_DEPRECATED_OBJC_IMPLEMENTATIONS = YES;
				CLANG_WARN_DIRECT_OBJC_ISA_USAGE = YES_ERROR;
				CLANG_WARN_DOCUMENTATION_COMMENTS = YES;
				CLANG_WARN_EMPTY_BODY = YES;
				CLANG_WARN_ENUM_CONVERSION = YES;
				CLANG_WARN_INFINITE_RECURSION = YES;
				CLANG_WARN_INT_CONVERSION = YES;
				CLANG_WARN_NON_LITERAL_NULL_CONVERSION = YES;
				CLANG_WARN_OBJC_IMPLICIT_RETAIN_SELF = YES;
				CLANG_WARN_OBJC_LITERAL_CONVERSION = YES;
				CLANG_WARN_OBJC_ROOT_CLASS = YES_ERROR;
				CLANG_WARN_QUOTED_INCLUDE_IN_FRAMEWORK_HEADER = YES;
				CLANG_WARN_RANGE_LOOP_ANALYSIS = YES;
				CLANG_WARN_STRICT_PROTOTYPES = YES;
				CLANG_WARN_SUSPICIOUS_MOVE = YES;
				CLANG_WARN_UNGUARDED_AVAILABILITY = YES_AGGRESSIVE;
				CLANG_WARN_UNREACHABLE_CODE = YES;
				CLANG_WARN__DUPLICATE_METHOD_MATCH = YES;
				CODE_SIGN_IDENTITY = "iPhone Developer";
				COPY_PHASE_STRIP = NO;
				DEBUG_INFORMATION_FORMAT = "dwarf-with-dsym";
				DEVELOPMENT_TEAM = GNJWSMK424;
				ENABLE_NS_ASSERTIONS = NO;
				ENABLE_STRICT_OBJC_MSGSEND = YES;
				ENABLE_USER_SCRIPT_SANDBOXING = YES;
				GCC_C_LANGUAGE_STANDARD = gnu11;
				GCC_NO_COMMON_BLOCKS = YES;
				GCC_WARN_64_TO_32_BIT_CONVERSION = YES;
				GCC_WARN_ABOUT_RETURN_TYPE = YES_ERROR;
				GCC_WARN_UNDECLARED_SELECTOR = YES;
				GCC_WARN_UNINITIALIZED_AUTOS = YES_AGGRESSIVE;
				GCC_WARN_UNUSED_FUNCTION = YES;
				GCC_WARN_UNUSED_VARIABLE = YES;
				IPHONEOS_DEPLOYMENT_TARGET = 17.6;
				MTL_ENABLE_DEBUG_INFO = NO;
				SDKROOT = iphoneos;
				STRING_CATALOG_GENERATE_SYMBOLS = YES;
				SWIFT_COMPILATION_MODE = wholemodule;
				SWIFT_OPTIMIZATION_LEVEL = "-O";
				VALIDATE_PRODUCT = YES;
			};
			name = Release;
		};
		504EC3171FED79650016851F /* Debug */ = {
			isa = XCBuildConfiguration;
			baseConfigurationReference = 958DCC722DB07C7200EA8C5F /* debug.xcconfig */;
			buildSettings = {
				ASSETCATALOG_COMPILER_APPICON_NAME = AppIcon;
				CODE_SIGN_ENTITLEMENTS = App/AppDebug.entitlements;
				CODE_SIGN_IDENTITY = "Apple Development";
				CODE_SIGN_STYLE = Automatic;
				CURRENT_PROJECT_VERSION = 1;
				DEVELOPMENT_TEAM = GNJWSMK424;
				INFOPLIST_FILE = App/Info.plist;
				INFOPLIST_KEY_CFBundleDisplayName = mitime;
				INFOPLIST_KEY_LSApplicationCategoryType = "public.app-category.lifestyle";
				IPHONEOS_DEPLOYMENT_TARGET = 15.0;
				LD_RUNPATH_SEARCH_PATHS = (
					"$(inherited)",
					"@executable_path/Frameworks",
				);
				MARKETING_VERSION = 1.0;
				OTHER_SWIFT_FLAGS = "$(inherited) \"-D\" \"COCOAPODS\" \"-DDEBUG\"";
				PRODUCT_BUNDLE_IDENTIFIER = com.miiitime.app.ios;
				PRODUCT_NAME = miiitime;
				PROVISIONING_PROFILE_SPECIFIER = "";
				SWIFT_ACTIVE_COMPILATION_CONDITIONS = DEBUG;
				SWIFT_VERSION = 5.0;
				TARGETED_DEVICE_FAMILY = "1,2";
			};
			name = Debug;
		};
		504EC3181FED79650016851F /* Release */ = {
			isa = XCBuildConfiguration;
			baseConfigurationReference = 59784DECB1B8440F8928C40A /* GoogleAuthRelease.xcconfig */;
			buildSettings = {
				ASSETCATALOG_COMPILER_APPICON_NAME = AppIcon;
				CODE_SIGN_ENTITLEMENTS = App/App.entitlements;
				CODE_SIGN_IDENTITY = "Apple Development";
				CODE_SIGN_STYLE = Automatic;
				CURRENT_PROJECT_VERSION = 1;
				DEVELOPMENT_TEAM = GNJWSMK424;
				INFOPLIST_FILE = App/Info.plist;
				INFOPLIST_KEY_CFBundleDisplayName = mitime;
				INFOPLIST_KEY_LSApplicationCategoryType = "public.app-category.lifestyle";
				IPHONEOS_DEPLOYMENT_TARGET = 15.0;
				LD_RUNPATH_SEARCH_PATHS = (
					"$(inherited)",
					"@executable_path/Frameworks",
				);
				MARKETING_VERSION = 1.0;
				PRODUCT_BUNDLE_IDENTIFIER = com.miiitime.app.ios;
				PRODUCT_NAME = miiitime;
				PROVISIONING_PROFILE_SPECIFIER = "";
				SWIFT_ACTIVE_COMPILATION_CONDITIONS = "";
				SWIFT_VERSION = 5.0;
				TARGETED_DEVICE_FAMILY = "1,2";
			};
			name = Release;
		};
		5F6268D8DAD7CAC89558B22B /* Release */ = {
			isa = XCBuildConfiguration;
			buildSettings = {
				CLANG_ENABLE_OBJC_WEAK = NO;
				CODE_SIGN_ENTITLEMENTS = MiitimeWidget/MiitimeWidget.entitlements;
				CODE_SIGN_STYLE = Automatic;
				CURRENT_PROJECT_VERSION = 1;
				DEVELOPMENT_TEAM = GNJWSMK424;
				GENERATE_INFOPLIST_FILE = NO;
				INFOPLIST_FILE = MiitimeWidget/Info.plist;
				IPHONEOS_DEPLOYMENT_TARGET = 16.0;
				MARKETING_VERSION = 1.0;
				PRODUCT_BUNDLE_IDENTIFIER = com.miiitime.app.ios.MiitimeWidget;
				PRODUCT_NAME = "$(TARGET_NAME)";
				SDKROOT = iphoneos;
				SKIP_INSTALL = YES;
				SWIFT_VERSION = 5.0;
				TARGETED_DEVICE_FAMILY = "1,2";
				VALIDATE_PRODUCT = YES;
			};
			name = Release;
		};
		98CCB70EB63BAD50D275C099 /* Debug */ = {
			isa = XCBuildConfiguration;
			buildSettings = {
				CLANG_ENABLE_OBJC_WEAK = NO;
				CODE_SIGN_ENTITLEMENTS = MiitimeWidget/MiitimeWidget.entitlements;
				CODE_SIGN_STYLE = Automatic;
				CURRENT_PROJECT_VERSION = 1;
				DEVELOPMENT_TEAM = GNJWSMK424;
				GENERATE_INFOPLIST_FILE = NO;
				INFOPLIST_FILE = MiitimeWidget/Info.plist;
				IPHONEOS_DEPLOYMENT_TARGET = 16.0;
				MARKETING_VERSION = 1.0;
				PRODUCT_BUNDLE_IDENTIFIER = com.miiitime.app.ios.MiitimeWidget;
				PRODUCT_NAME = "$(TARGET_NAME)";
				SDKROOT = iphoneos;
				SKIP_INSTALL = YES;
				SWIFT_VERSION = 5.0;
				TARGETED_DEVICE_FAMILY = "1,2";
			};
			name = Debug;
		};
/* End XCBuildConfiguration section */

/* Begin XCConfigurationList section */
		279B6108F0A0A6040C56B295 /* Build configuration list for PBXNativeTarget "MiitimeWidget" */ = {
			isa = XCConfigurationList;
			buildConfigurations = (
				5F6268D8DAD7CAC89558B22B /* Release */,
				98CCB70EB63BAD50D275C099 /* Debug */,
			);
			defaultConfigurationIsVisible = 0;
			defaultConfigurationName = Release;
		};
		504EC2FF1FED79650016851F /* Build configuration list for PBXProject "App" */ = {
			isa = XCConfigurationList;
			buildConfigurations = (
				504EC3141FED79650016851F /* Debug */,
				504EC3151FED79650016851F /* Release */,
			);
			defaultConfigurationIsVisible = 0;
			defaultConfigurationName = Release;
		};
		504EC3161FED79650016851F /* Build configuration list for PBXNativeTarget "App" */ = {
			isa = XCConfigurationList;
			buildConfigurations = (
				504EC3171FED79650016851F /* Debug */,
				504EC3181FED79650016851F /* Release */,
			);
			defaultConfigurationIsVisible = 0;
			defaultConfigurationName = Release;
		};
/* End XCConfigurationList section */

/* Begin XCLocalSwiftPackageReference section */
		D4C12C0A2AAA248700AAC8A2 /* XCLocalSwiftPackageReference "CapApp-SPM" */ = {
			isa = XCLocalSwiftPackageReference;
			relativePath = "CapApp-SPM";
		};
/* End XCLocalSwiftPackageReference section */

/* Begin XCRemoteSwiftPackageReference section */
		5394F28B3013EFC3000D2011 /* XCRemoteSwiftPackageReference "swift-algorithms" */ = {
			isa = XCRemoteSwiftPackageReference;
			repositoryURL = "https://github.com/apple/swift-algorithms.git";
			requirement = {
				kind = upToNextMajorVersion;
				minimumVersion = 1.2.1;
			};
		};
		653F65430FA2B854ECF083BF /* XCRemoteSwiftPackageReference "GoogleSignIn-iOS" */ = {
			isa = XCRemoteSwiftPackageReference;
			repositoryURL = "https://github.com/google/GoogleSignIn-iOS";
			requirement = {
				kind = upToNextMajorVersion;
				minimumVersion = 9.0.0;
			};
		};
/* End XCRemoteSwiftPackageReference section */

/* Begin XCSwiftPackageProductDependency section */
		4D22ABE82AF431CB00220026 /* CapApp-SPM */ = {
			isa = XCSwiftPackageProductDependency;
			package = D4C12C0A2AAA248700AAC8A2 /* XCLocalSwiftPackageReference "CapApp-SPM" */;
			productName = "CapApp-SPM";
		};
		462C2B7DB2C403029341B71D /* GoogleSignIn */ = {
			isa = XCSwiftPackageProductDependency;
			package = 653F65430FA2B854ECF083BF /* XCRemoteSwiftPackageReference "GoogleSignIn-iOS" */;
			productName = GoogleSignIn;
		};
/* End XCSwiftPackageProductDependency section */
	};
	rootObject = 504EC2FC1FED79650016851F /* Project object */;
}
